
Microsoft Visual Studio Solution File, Format Version 12.00
# Visual Studio 15
VisualStudioVersion = 15.0.27428.2005
MinimumVisualStudioVersion = 10.0.40219.1
Project("{FAE04EC0-301F-11D3-BF4B-00C04F79EFBC}") = "HRApp", "HRApp\HRApp.csproj", "{81A23F39-7D95-44C2-81EB-79175FA7B196}"
EndProject
Global
	GlobalSection(SolutionConfigurationPlatforms) = preSolution
		Debug|Any CPU = Debug|Any CPU
		Release|Any CPU = Release|Any CPU
	EndGlobalSection
	GlobalSection(ProjectConfigurationPlatforms) = postSolution
		{81A23F39-7D95-44C2-81EB-79175FA7B196}.Debug|Any CPU.ActiveCfg = Debug|Any CPU
		{81A23F39-7D95-44C2-81EB-79175FA7B196}.Debug|Any CPU.Build.0 = Debug|Any CPU
		{81A23F39-7D95-44C2-81EB-79175FA7B196}.Release|Any CPU.ActiveCfg = Release|Any CPU
		{81A23F39-7D95-44C2-81EB-79175FA7B196}.Release|Any CPU.Build.0 = Release|Any CPU
	EndGlobalSection
	GlobalSection(SolutionProperties) = preSolution
		HideSolutionNode = FALSE
	EndGlobalSection
	GlobalSection(ExtensibilityGlobals) = postSolution
		SolutionGuid = {0293D608-CAC9-47AA-BA2F-62F30EF28C69}
	EndGlobalSection
EndGlobal
